
Microsoft Visual Studio Solution File, Format Version 12.00
# Visual Studio 2013
VisualStudioVersion = 12.0.31101.0
MinimumVisualStudioVersion = 10.0.40219.1
Project("{FAE04EC0-301F-11D3-BF4B-00C04F79EFBC}") = "KnapsackProblem", "KnapsackProblem.csproj", "{1FD58BAD-C24E-4F60-9A99-B6B8C7816FBD}"
EndProject
Project("{2150E333-8FDC-42A3-9474-1A3956D46DE8}") = "Heuristics", "Heuristics", "{188FBE21-C9D5-474F-B9EE-C49EF3B6719A}"
EndProject
Project("{FAE04EC0-301F-11D3-BF4B-00C04F79EFBC}") = "KnapsackGeneticAlgorithm", "KnapsackGeneticAlgorithm\KnapsackGeneticAlgorithm.csproj", "{AD2D4CE6-5E76-4431-AEBC-1C26447530DC}"
EndProject
Project("{2150E333-8FDC-42A3-9474-1A3956D46DE8}") = "Tests", "Tests", "{D5797225-8799-4CEA-8489-F17BCC7A8DEE}"
EndProject
Project("{FAE04EC0-301F-11D3-BF4B-00C04F79EFBC}") = "GeneticAlgorithm.Tests", "GeneticAlgorithm.Tests\GeneticAlgorithm.Tests.csproj", "{81CD01DA-6B9E-4B60-A0A3-8C7E4A06E735}"
EndProject
Project("{FAE04EC0-301F-11D3-BF4B-00C04F79EFBC}") = "KnapsackContract", "KnapsackContract\KnapsackContract.csproj", "{4B595A11-35C2-4D7F-BCD1-0B9DA6641BE9}"
EndProject
Project("{FAE04EC0-301F-11D3-BF4B-00C04F79EFBC}") = "TabuAlgorithm", "TabuAlgorithm\TabuAlgorithm.csproj", "{DBEBD86A-60AF-41D8-8A4D-1459DEF111B7}"
EndProject
Project("{FAE04EC0-301F-11D3-BF4B-00C04F79EFBC}") = "TabuAlgorithm.Tests", "TabuAlgorithm.Tests\TabuAlgorithm.Tests.csproj", "{BBD4101F-530E-4BA1-8BB9-7245662C67AF}"
EndProject
Global
	GlobalSection(SolutionConfigurationPlatforms) = preSolution
		Debug|Any CPU = Debug|Any CPU
		Release|Any CPU = Release|Any CPU
	EndGlobalSection
	GlobalSection(ProjectConfigurationPlatforms) = postSolution
		{1FD58BAD-C24E-4F60-9A99-B6B8C7816FBD}.Debug|Any CPU.ActiveCfg = Debug|Any CPU
		{1FD58BAD-C24E-4F60-9A99-B6B8C7816FBD}.Debug|Any CPU.Build.0 = Debug|Any CPU
		{1FD58BAD-C24E-4F60-9A99-B6B8C7816FBD}.Release|Any CPU.ActiveCfg = Release|Any CPU
		{1FD58BAD-C24E-4F60-9A99-B6B8C7816FBD}.Release|Any CPU.Build.0 = Release|Any CPU
		{AD2D4CE6-5E76-4431-AEBC-1C26447530DC}.Debug|Any CPU.ActiveCfg = Debug|Any CPU
		{AD2D4CE6-5E76-4431-AEBC-1C26447530DC}.Debug|Any CPU.Build.0 = Debug|Any CPU
		{AD2D4CE6-5E76-4431-AEBC-1C26447530DC}.Release|Any CPU.ActiveCfg = Release|Any CPU
		{AD2D4CE6-5E76-4431-AEBC-1C26447530DC}.Release|Any CPU.Build.0 = Release|Any CPU
		{81CD01DA-6B9E-4B60-A0A3-8C7E4A06E735}.Debug|Any CPU.ActiveCfg = Debug|Any CPU
		{81CD01DA-6B9E-4B60-A0A3-8C7E4A06E735}.Debug|Any CPU.Build.0 = Debug|Any CPU
		{81CD01DA-6B9E-4B60-A0A3-8C7E4A06E735}.Release|Any CPU.ActiveCfg = Release|Any CPU
		{81CD01DA-6B9E-4B60-A0A3-8C7E4A06E735}.Release|Any CPU.Build.0 = Release|Any CPU
		{4B595A11-35C2-4D7F-BCD1-0B9DA6641BE9}.Debug|Any CPU.ActiveCfg = Debug|Any CPU
		{4B595A11-35C2-4D7F-BCD1-0B9DA6641BE9}.Debug|Any CPU.Build.0 = Debug|Any CPU
		{4B595A11-35C2-4D7F-BCD1-0B9DA6641BE9}.Release|Any CPU.ActiveCfg = Release|Any CPU
		{4B595A11-35C2-4D7F-BCD1-0B9DA6641BE9}.Release|Any CPU.Build.0 = Release|Any CPU
		{DBEBD86A-60AF-41D8-8A4D-1459DEF111B7}.Debug|Any CPU.ActiveCfg = Debug|Any CPU
		{DBEBD86A-60AF-41D8-8A4D-1459DEF111B7}.Debug|Any CPU.Build.0 = Debug|Any CPU
		{DBEBD86A-60AF-41D8-8A4D-1459DEF111B7}.Release|Any CPU.ActiveCfg = Release|Any CPU
		{DBEBD86A-60AF-41D8-8A4D-1459DEF111B7}.Release|Any CPU.Build.0 = Release|Any CPU
		{BBD4101F-530E-4BA1-8BB9-7245662C67AF}.Debug|Any CPU.ActiveCfg = Debug|Any CPU
		{BBD4101F-530E-4BA1-8BB9-7245662C67AF}.Debug|Any CPU.Build.0 = Debug|Any CPU
		{BBD4101F-530E-4BA1-8BB9-7245662C67AF}.Release|Any CPU.ActiveCfg = Release|Any CPU
		{BBD4101F-530E-4BA1-8BB9-7245662C67AF}.Release|Any CPU.Build.0 = Release|Any CPU
	EndGlobalSection
	GlobalSection(SolutionProperties) = preSolution
		HideSolutionNode = FALSE
	EndGlobalSection
	GlobalSection(NestedProjects) = preSolution
		{AD2D4CE6-5E76-4431-AEBC-1C26447530DC} = {188FBE21-C9D5-474F-B9EE-C49EF3B6719A}
		{81CD01DA-6B9E-4B60-A0A3-8C7E4A06E735} = {D5797225-8799-4CEA-8489-F17BCC7A8DEE}
		{DBEBD86A-60AF-41D8-8A4D-1459DEF111B7} = {188FBE21-C9D5-474F-B9EE-C49EF3B6719A}
		{BBD4101F-530E-4BA1-8BB9-7245662C67AF} = {D5797225-8799-4CEA-8489-F17BCC7A8DEE}
	EndGlobalSection
EndGlobal
